// !$*UTF8*$!
{
	archiveVersion = 1;
	classes = {
	};
	objectVersion = 50;
	objects = {

/* Begin PBXBuildFile section */
		792813E121ABA78000B1BD35 /* NewViewController.swift in Sources */ = {isa = PBXBuildFile; fileRef = 792813E021ABA78000B1BD35 /* NewViewController.swift */; };
		79DA4BD621C9FBE1001D5582 /* CoffeeController.swift in Sources */ = {isa = PBXBuildFile; fileRef = 79DA4BD521C9FBE1001D5582 /* CoffeeController.swift */; };
		79FD912C21A26C6F00AF2574 /* AppDelegate.swift in Sources */ = {isa = PBXBuildFile; fileRef = 79FD912B21A26C6F00AF2574 /* AppDelegate.swift */; };
		79FD912E21A26C6F00AF2574 /* ViewController.swift in Sources */ = {isa = PBXBuildFile; fileRef = 79FD912D21A26C6F00AF2574 /* ViewController.swift */; };
		79FD913121A26C6F00AF2574 /* Main.storyboard in Resources */ = {isa = PBXBuildFile; fileRef = 79FD912F21A26C6F00AF2574 /* Main.storyboard */; };
		79FD913321A26C7100AF2574 /* Assets.xcassets in Resources */ = {isa = PBXBuildFile; fileRef = 79FD913221A26C7100AF2574 /* Assets.xcassets */; };
		79FD913621A26C7100AF2574 /* LaunchScreen.storyboard in Resources */ = {isa = PBXBuildFile; fileRef = 79FD913421A26C7100AF2574 /* LaunchScreen.storyboard */; };
		79FD913E21A26D1500AF2574 /* CustomPin.swift in Sources */ = {isa = PBXBuildFile; fileRef = 79FD913D21A26D1500AF2574 /* CustomPin.swift */; };
/* End PBXBuildFile section */

/* Begin PBXFileReference section */
		792813E021ABA78000B1BD35 /* NewViewController.swift */ = {isa = PBXFileReference; lastKnownFileType = sourcecode.swift; path = NewViewController.swift; sourceTree = "<group>"; };
		79DA4BD521C9FBE1001D5582 /* CoffeeController.swift */ = {isa = PBXFileReference; lastKnownFileType = sourcecode.swift; path = CoffeeController.swift; sourceTree = "<group>"; };
		79FD912821A26C6F00AF2574 /* MapRouteExample.app */ = {isa = PBXFileReference; explicitFileType = wrapper.application; includeInIndex = 0; path = MapRouteExample.app; sourceTree = BUILT_PRODUCTS_DIR; };
		79FD912B21A26C6F00AF2574 /* AppDelegate.swift */ = {isa = PBXFileReference; lastKnownFileType = sourcecode.swift; path = AppDelegate.swift; sourceTree = "<group>"; };
		79FD912D21A26C6F00AF2574 /* ViewController.swift */ = {isa = PBXFileReference; lastKnownFileType = sourcecode.swift; path = ViewController.swift; sourceTree = "<group>"; };
		79FD913021A26C6F00AF2574 /* Base */ = {isa = PBXFileReference; lastKnownFileType = file.storyboard; name = Base; path = Base.lproj/Main.storyboard; sourceTree = "<group>"; };
		79FD913221A26C7100AF2574 /* Assets.xcassets */ = {isa = PBXFileReference; lastKnownFileType = folder.assetcatalog; path = Assets.xcassets; sourceTree = "<group>"; };
		79FD913521A26C7100AF2574 /* Base */ = {isa = PBXFileReference; lastKnownFileType = file.storyboard; name = Base; path = Base.lproj/LaunchScreen.storyboard; sourceTree = "<group>"; };
		79FD913721A26C7100AF2574 /* Info.plist */ = {isa = PBXFileReference; lastKnownFileType = text.plist.xml; path = Info.plist; sourceTree = "<group>"; };
		79FD913D21A26D1500AF2574 /* CustomPin.swift */ = {isa = PBXFileReference; lastKnownFileType = sourcecode.swift; path = CustomPin.swift; sourceTree = "<group>"; };
/* End PBXFileReference section */

/* Begin PBXFrameworksBuildPhase section */
		79FD912521A26C6F00AF2574 /* Frameworks */ = {
			isa = PBXFrameworksBuildPhase;
			buildActionMask = 2147483647;
			files = (
			);
			runOnlyForDeploymentPostprocessing = 0;
		};
/* End PBXFrameworksBuildPhase section */

/* Begin PBXGroup section */
		79FD911F21A26C6F00AF2574 = {
			isa = PBXGroup;
			children = (
				79FD912A21A26C6F00AF2574 /* MapRouteExample */,
				79FD912921A26C6F00AF2574 /* Products */,
			);
			sourceTree = "<group>";
		};
		79FD912921A26C6F00AF2574 /* Products */ = {
			isa = PBXGroup;
			children = (
				79FD912821A26C6F00AF2574 /* MapRouteExample.app */,
			);
			name = Products;
			sourceTree = "<group>";
		};
		79FD912A21A26C6F00AF2574 /* MapRouteExample */ = {
			isa = PBXGroup;
			children = (
				79FD912B21A26C6F00AF2574 /* AppDelegate.swift */,
				79FD912D21A26C6F00AF2574 /* ViewController.swift */,
				79FD913D21A26D1500AF2574 /* CustomPin.swift */,
				792813E021ABA78000B1BD35 /* NewViewController.swift */,
				79DA4BD521C9FBE1001D5582 /* CoffeeController.swift */,
				79FD912F21A26C6F00AF2574 /* Main.storyboard */,
				79FD913221A26C7100AF2574 /* Assets.xcassets */,
				79FD913421A26C7100AF2574 /* LaunchScreen.storyboard */,
				79FD913721A26C7100AF2574 /* Info.plist */,
			);
			path = MapRouteExample;
			sourceTree = "<group>";
		};
/* End PBXGroup section */

/* Begin PBXNativeTarget section */
		79FD912721A26C6F00AF2574 /* MapRouteExample */ = {
			isa = PBXNativeTarget;
			buildConfigurationList = 79FD913A21A26C7100AF2574 /* Build configuration list for PBXNativeTarget "MapRouteExample" */;
			buildPhases = (
				79FD912421A26C6F00AF2574 /* Sources */,
				79FD912521A26C6F00AF2574 /* Frameworks */,
				79FD912621A26C6F00AF2574 /* Resources */,
			);
			buildRules = (
			);
			dependencies = (
			);
			name = MapRouteExample;
			productName = MapRouteExample;
			productReference = 79FD912821A26C6F00AF2574 /* MapRouteExample.app */;
			productType = "com.apple.product-type.application";
		};
/* End PBXNativeTarget section */

/* Begin PBXProject section */
		79FD912021A26C6F00AF2574 /* Project object */ = {
			isa = PBXProject;
			attributes = {
				LastSwiftUpdateCheck = 1000;
				LastUpgradeCheck = 1000;
				ORGANIZATIONNAME = "Patrick Pahl";
				TargetAttributes = {
					79FD912721A26C6F00AF2574 = {
						CreatedOnToolsVersion = 10.0;
					};
				};
			};
			buildConfigurationList = 79FD912321A26C6F00AF2574 /* Build configuration list for PBXProject "MapRouteExample" */;
			compatibilityVersion = "Xcode 9.3";
			developmentRegion = en;
			hasScannedForEncodings = 0;
			knownRegions = (
				en,
				Base,
			);
			mainGroup = 79FD911F21A26C6F00AF2574;
			productRefGroup = 79FD912921A26C6F00AF2574 /* Products */;
			projectDirPath = "";
			projectRoot = "";
			targets = (
				79FD912721A26C6F00AF2574 /* MapRouteExample */,
			);
		};
/* End PBXProject section */

/* Begin PBXResourcesBuildPhase section */
		79FD912621A26C6F00AF2574 /* Resources */ = {
			isa = PBXResourcesBuildPhase;
			buildActionMask = 2147483647;
			files = (
				79FD913621A26C7100AF2574 /* LaunchScreen.storyboard in Resources */,
				79FD913321A26C7100AF2574 /* Assets.xcassets in Resources */,
				79FD913121A26C6F00AF2574 /* Main.storyboard in Resources */,
			);
			runOnlyForDeploymentPostprocessing = 0;
		};
/* End PBXResourcesBuildPhase section */

/* Begin PBXSourcesBuildPhase section */
		79FD912421A26C6F00AF2574 /* Sources */ = {
			isa = PBXSourcesBuildPhase;
			buildActionMask = 2147483647;
			files = (
				79FD913E21A26D1500AF2574 /* CustomPin.swift in Sources */,
				79DA4BD621C9FBE1001D5582 /* CoffeeController.swift in Sources */,
				79FD912E21A26C6F00AF2574 /* ViewController.swift in Sources */,
				79FD912C21A26C6F00AF2574 /* AppDelegate.swift in Sources */,
				792813E121ABA78000B1BD35 /* NewViewController.swift in Sources */,
			);
			runOnlyForDeploymentPostprocessing = 0;
		};
/* End PBXSourcesBuildPhase section */

/* Begin PBXVariantGroup section */
		79FD912F21A26C6F00AF2574 /* Main.storyboard */ = {
			isa = PBXVariantGroup;
			children = (
				79FD913021A26C6F00AF2574 /* Base */,
			);
			name = Main.storyboard;
			sourceTree = "<group>";
		};
		79FD913421A26C7100AF2574 /* LaunchScreen.storyboard */ = {
			isa = PBXVariantGroup;
			children = (
				79FD913521A26C7100AF2574 /* Base */,
			);
			name = LaunchScreen.storyboard;
			sourceTree = "<group>";
		};
/* End PBXVariantGroup section */

/* Begin XCBuildConfiguration section */
		79FD913821A26C7100AF2574 /* Debug */ = {
			isa = XCBuildConfiguration;
			buildSettings = {
				ALWAYS_SEARCH_USER_PATHS = NO;
				CLANG_ANALYZER_NONNULL = YES;
				CLANG_ANALYZER_NUMBER_OBJECT_CONVERSION = YES_AGGRESSIVE;
				CLANG_CXX_LANGUAGE_STANDARD = "gnu++14";
				CLANG_CXX_LIBRARY = "libc++";
				CLANG_ENABLE_MODULES = YES;
				CLANG_ENABLE_OBJC_ARC = YES;
				CLANG_ENABLE_OBJC_WEAK = YES;
				CLANG_WARN_BLOCK_CAPTURE_AUTORELEASING = YES;
				CLANG_WARN_BOOL_CONVERSION = YES;
				CLANG_WARN_COMMA = YES;
				CLANG_WARN_CONSTANT_CONVERSION = YES;
				CLANG_WARN_DEPRECATED_OBJC_IMPLEMENTATIONS = YES;
				CLANG_WARN_DIRECT_OBJC_ISA_USAGE = YES_ERROR;
				CLANG_WARN_DOCUMENTATION_COMMENTS = YES;
				CLANG_WARN_EMPTY_BODY = YES;
				CLANG_WARN_ENUM_CONVERSION = YES;
				CLANG_WARN_INFINITE_RECURSION = YES;
				CLANG_WARN_INT_CONVERSION = YES;
				CLANG_WARN_NON_LITERAL_NULL_CONVERSION = YES;
				CLANG_WARN_OBJC_IMPLICIT_RETAIN_SELF = YES;
				CLANG_WARN_OBJC_LITERAL_CONVERSION = YES;
				CLANG_WARN_OBJC_ROOT_CLASS = YES_ERROR;
				CLANG_WARN_RANGE_LOOP_ANALYSIS = YES;
				CLANG_WARN_STRICT_PROTOTYPES = YES;
				CLANG_WARN_SUSPICIOUS_MOVE = YES;
				CLANG_WARN_UNGUARDED_AVAILABILITY = YES_AGGRESSIVE;
				CLANG_WARN_UNREACHABLE_CODE = YES;
				CLANG_WARN__DUPLICATE_METHOD_MATCH = YES;
				CODE_SIGN_IDENTITY = "iPhone Developer";
				COPY_PHASE_STRIP = NO;
				DEBUG_INFORMATION_FORMAT = dwarf;
				ENABLE_STRICT_OBJC_MSGSEND = YES;
				ENABLE_TESTABILITY = YES;
				GCC_C_LANGUAGE_STANDARD = gnu11;
				GCC_DYNAMIC_NO_PIC = NO;
				GCC_NO_COMMON_BLOCKS = YES;
				GCC_OPTIMIZATION_LEVEL = 0;
				GCC_PREPROCESSOR_DEFINITIONS = (
					"DEBUG=1",
					"$(inherited)",
				);
				GCC_WARN_64_TO_32_BIT_CONVERSION = YES;
				GCC_WARN_ABOUT_RETURN_TYPE = YES_ERROR;
				GCC_WARN_UNDECLARED_SELECTOR = YES;
				GCC_WARN_UNINITIALIZED_AUTOS = YES_AGGRESSIVE;
				GCC_WARN_UNUSED_FUNCTION = YES;
				GCC_WARN_UNUSED_VARIABLE = YES;
				IPHONEOS_DEPLOYMENT_TARGET = 12.0;
				MTL_ENABLE_DEBUG_INFO = INCLUDE_SOURCE;
				MTL_FAST_MATH = YES;
				ONLY_ACTIVE_ARCH = YES;
				SDKROOT = iphoneos;
				SWIFT_ACTIVE_COMPILATION_CONDITIONS = DEBUG;
				SWIFT_OPTIMIZATION_LEVEL = "-Onone";
			};
			name = Debug;
		};
		79FD913921A26C7100AF2574 /* Release */ = {
			isa = XCBuildConfiguration;
			buildSettings = {
				ALWAYS_SEARCH_USER_PATHS = NO;
				CLANG_ANALYZER_NONNULL = YES;
				CLANG_ANALYZER_NUMBER_OBJECT_CONVERSION = YES_AGGRESSIVE;
				CLANG_CXX_LANGUAGE_STANDARD = "gnu++14";
				CLANG_CXX_LIBRARY = "libc++";
				CLANG_ENABLE_MODULES = YES;
				CLANG_ENABLE_OBJC_ARC = YES;
				CLANG_ENABLE_OBJC_WEAK = YES;
				CLANG_WARN_BLOCK_CAPTURE_AUTORELEASING = YES;
				CLANG_WARN_BOOL_CONVERSION = YES;
				CLANG_WARN_COMMA = YES;
				CLANG_WARN_CONSTANT_CONVERSION = YES;
				CLANG_WARN_DEPRECATED_OBJC_IMPLEMENTATIONS = YES;
				CLANG_WARN_DIRECT_OBJC_ISA_USAGE = YES_ERROR;
				CLANG_WARN_DOCUMENTATION_COMMENTS = YES;
				CLANG_WARN_EMPTY_BODY = YES;
				CLANG_WARN_ENUM_CONVERSION = YES;
				CLANG_WARN_INFINITE_RECURSION = YES;
				CLANG_WARN_INT_CONVERSION = YES;
				CLANG_WARN_NON_LITERAL_NULL_CONVERSION = YES;
				CLANG_WARN_OBJC_IMPLICIT_RETAIN_SELF = YES;
				CLANG_WARN_OBJC_LITERAL_CONVERSION = YES;
				CLANG_WARN_OBJC_ROOT_CLASS = YES_ERROR;
				CLANG_WARN_RANGE_LOOP_ANALYSIS = YES;
				CLANG_WARN_STRICT_PROTOTYPES = YES;
				CLANG_WARN_SUSPICIOUS_MOVE = YES;
				CLANG_WARN_UNGUARDED_AVAILABILITY = YES_AGGRESSIVE;
				CLANG_WARN_UNREACHABLE_CODE = YES;
				CLANG_WARN__DUPLICATE_METHOD_MATCH = YES;
				CODE_SIGN_IDENTITY = "iPhone Developer";
				COPY_PHASE_STRIP = NO;
				DEBUG_INFORMATION_FORMAT = "dwarf-with-dsym";
				ENABLE_NS_ASSERTIONS = NO;
				ENABLE_STRICT_OBJC_MSGSEND = YES;
				GCC_C_LANGUAGE_STANDARD = gnu11;
				GCC_NO_COMMON_BLOCKS = YES;
				GCC_WARN_64_TO_32_BIT_CONVERSION = YES;
				GCC_WARN_ABOUT_RETURN_TYPE = YES_ERROR;
				GCC_WARN_UNDECLARED_SELECTOR = YES;
				GCC_WARN_UNINITIALIZED_AUTOS = YES_AGGRESSIVE;
				GCC_WARN_UNUSED_FUNCTION = YES;
				GCC_WARN_UNUSED_VARIABLE = YES;
				IPHONEOS_DEPLOYMENT_TARGET = 12.0;
				MTL_ENABLE_DEBUG_INFO = NO;
				MTL_FAST_MATH = YES;
				SDKROOT = iphoneos;
				SWIFT_COMPILATION_MODE = wholemodule;
				SWIFT_OPTIMIZATION_LEVEL = "-O";
				VALIDATE_PRODUCT = YES;
			};
			name = Release;
		};
		79FD913B21A26C7100AF2574 /* Debug */ = {
			isa = XCBuildConfiguration;
			buildSettings = {
				ASSETCATALOG_COMPILER_APPICON_NAME = AppIcon;
				CODE_SIGN_STYLE = Automatic;
				DEVELOPMENT_TEAM = 7V9H5ZK35E;
				INFOPLIST_FILE = MapRouteExample/Info.plist;
				LD_RUNPATH_SEARCH_PATHS = (
					"$(inherited)",
					"@executable_path/Frameworks",
				);
				PRODUCT_BUNDLE_IDENTIFIER = "Patrick-Pahl.MapRouteExample";
				PRODUCT_NAME = "$(TARGET_NAME)";
				SWIFT_VERSION = 4.2;
				TARGETED_DEVICE_FAMILY = "1,2";
			};
			name = Debug;
		};
		79FD913C21A26C7100AF2574 /* Release */ = {
			isa = XCBuildConfiguration;
			buildSettings = {
				ASSETCATALOG_COMPILER_APPICON_NAME = AppIcon;
				CODE_SIGN_STYLE = Automatic;
				DEVELOPMENT_TEAM = 7V9H5ZK35E;
				INFOPLIST_FILE = MapRouteExample/Info.plist;
				LD_RUNPATH_SEARCH_PATHS = (
					"$(inherited)",
					"@executable_path/Frameworks",
				);
				PRODUCT_BUNDLE_IDENTIFIER = "Patrick-Pahl.MapRouteExample";
				PRODUCT_NAME = "$(TARGET_NAME)";
				SWIFT_VERSION = 4.2;
				TARGETED_DEVICE_FAMILY = "1,2";
			};
			name = Release;
		};
/* End XCBuildConfiguration section */

/* Begin XCConfigurationList section */
		79FD912321A26C6F00AF2574 /* Build configuration list for PBXProject "MapRouteExample" */ = {
			isa = XCConfigurationList;
			buildConfigurations = (
				79FD913821A26C7100AF2574 /* Debug */,
				79FD913921A26C7100AF2574 /* Release */,
			);
			defaultConfigurationIsVisible = 0;
			defaultConfigurationName = Release;
		};
		79FD913A21A26C7100AF2574 /* Build configuration list for PBXNativeTarget "MapRouteExample" */ = {
			isa = XCConfigurationList;
			buildConfigurations = (
				79FD913B21A26C7100AF2574 /* Debug */,
				79FD913C21A26C7100AF2574 /* Release */,
			);
			defaultConfigurationIsVisible = 0;
			defaultConfigurationName = Release;
		};
/* End XCConfigurationList section */
	};
	rootObject = 79FD912021A26C6F00AF2574 /* Project object */;
}
